
Microsoft Visual Studio Solution File, Format Version 12.00
# Visual Studio 14
VisualStudioVersion = 14.0.25420.1
MinimumVisualStudioVersion = 10.0.40219.1
Project("{FAE04EC0-301F-11D3-BF4B-00C04F79EFBC}") = "Postman.Core", "Postman.Core\Postman.Core.csproj", "{AFA4E0E5-484D-4AD3-A58F-288F6622AEAC}"
EndProject
Project("{2150E333-8FDC-42A3-9474-1A3956D46DE8}") = "Core", "Core", "{B9190849-C636-47D2-AB3A-EBFB0355E08C}"
EndProject
Project("{FAE04EC0-301F-11D3-BF4B-00C04F79EFBC}") = "Patton.GUI", "Patton.GUI\Patton.GUI.csproj", "{58D98425-D687-4E18-B502-5C332DD81D1D}"
EndProject
Global
	GlobalSection(SolutionConfigurationPlatforms) = preSolution
		Debug|Any CPU = Debug|Any CPU
		Release|Any CPU = Release|Any CPU
	EndGlobalSection
	GlobalSection(ProjectConfigurationPlatforms) = postSolution
		{AFA4E0E5-484D-4AD3-A58F-288F6622AEAC}.Debug|Any CPU.ActiveCfg = Debug|Any CPU
		{AFA4E0E5-484D-4AD3-A58F-288F6622AEAC}.Debug|Any CPU.Build.0 = Debug|Any CPU
		{AFA4E0E5-484D-4AD3-A58F-288F6622AEAC}.Release|Any CPU.ActiveCfg = Release|Any CPU
		{AFA4E0E5-484D-4AD3-A58F-288F6622AEAC}.Release|Any CPU.Build.0 = Release|Any CPU
		{58D98425-D687-4E18-B502-5C332DD81D1D}.Debug|Any CPU.ActiveCfg = Debug|Any CPU
		{58D98425-D687-4E18-B502-5C332DD81D1D}.Debug|Any CPU.Build.0 = Debug|Any CPU
		{58D98425-D687-4E18-B502-5C332DD81D1D}.Release|Any CPU.ActiveCfg = Release|Any CPU
		{58D98425-D687-4E18-B502-5C332DD81D1D}.Release|Any CPU.Build.0 = Release|Any CPU
	EndGlobalSection
	GlobalSection(SolutionProperties) = preSolution
		HideSolutionNode = FALSE
	EndGlobalSection
	GlobalSection(NestedProjects) = preSolution
		{AFA4E0E5-484D-4AD3-A58F-288F6622AEAC} = {B9190849-C636-47D2-AB3A-EBFB0355E08C}
	EndGlobalSection
EndGlobal
